
Microsoft Visual Studio Solution File, Format Version 12.00
# Visual Studio 2012
Project("{FAE04EC0-301F-11D3-BF4B-00C04F79EFBC}") = "RunningMan", "RunningMan\RunningMan.csproj", "{A488CA0C-2B8D-428C-8FD6-28A5EF78F0D9}"
EndProject
Global
	GlobalSection(SolutionConfigurationPlatforms) = preSolution
		Debug|Any CPU = Debug|Any CPU
		Release|Any CPU = Release|Any CPU
	EndGlobalSection
	GlobalSection(ProjectConfigurationPlatforms) = postSolution
		{A488CA0C-2B8D-428C-8FD6-28A5EF78F0D9}.Debug|Any CPU.ActiveCfg = Debug|Any CPU
		{A488CA0C-2B8D-428C-8FD6-28A5EF78F0D9}.Debug|Any CPU.Build.0 = Debug|Any CPU
		{A488CA0C-2B8D-428C-8FD6-28A5EF78F0D9}.Release|Any CPU.ActiveCfg = Release|Any CPU
		{A488CA0C-2B8D-428C-8FD6-28A5EF78F0D9}.Release|Any CPU.Build.0 = Release|Any CPU
	EndGlobalSection
	GlobalSection(SolutionProperties) = preSolution
		HideSolutionNode = FALSE
	EndGlobalSection
EndGlobal
