
Microsoft Visual Studio Solution File, Format Version 12.00
# Visual Studio 2012
Project("{FAE04EC0-301F-11D3-BF4B-00C04F79EFBC}") = "TDDApplication", "TDDApplication\TDDApplication.csproj", "{702D54FF-DDCE-4A46-BE72-F11D0F9E1181}"
EndProject
Global
	GlobalSection(SolutionConfigurationPlatforms) = preSolution
		Debug|Any CPU = Debug|Any CPU
		Release|Any CPU = Release|Any CPU
	EndGlobalSection
	GlobalSection(ProjectConfigurationPlatforms) = postSolution
		{702D54FF-DDCE-4A46-BE72-F11D0F9E1181}.Debug|Any CPU.ActiveCfg = Debug|Any CPU
		{702D54FF-DDCE-4A46-BE72-F11D0F9E1181}.Debug|Any CPU.Build.0 = Debug|Any CPU
		{702D54FF-DDCE-4A46-BE72-F11D0F9E1181}.Release|Any CPU.ActiveCfg = Release|Any CPU
		{702D54FF-DDCE-4A46-BE72-F11D0F9E1181}.Release|Any CPU.Build.0 = Release|Any CPU
	EndGlobalSection
	GlobalSection(SolutionProperties) = preSolution
		HideSolutionNode = FALSE
	EndGlobalSection
EndGlobal
